
Microsoft Visual Studio Solution File, Format Version 12.00
# Visual Studio Version 17
VisualStudioVersion = 17.12.35728.132
MinimumVisualStudioVersion = 10.0.40219.1
Project("{CC5FD16D-436D-48AD-A40C-5A424C6E3E79}") = "AzureCloudService", "AzureCloudService.ccproj", "{E9FBEA43-290B-4911-AABC-92D9A98B7760}"
EndProject
Project("{FAE04EC0-301F-11D3-BF4B-00C04F79EFBC}") = "WebRole1", "WebRole1\WebRole1.csproj", "{DA975C7C-23B1-4677-B0DE-930CDD206785}"
EndProject
Project("{FAE04EC0-301F-11D3-BF4B-00C04F79EFBC}") = "WorkerRole", "WorkerRole\WorkerRole.csproj", "{76B14977-0097-4542-8B35-18BC66FA356A}"
EndProject
Global
	GlobalSection(SolutionConfigurationPlatforms) = preSolution
		Debug|Any CPU = Debug|Any CPU
		Release|Any CPU = Release|Any CPU
	EndGlobalSection
	GlobalSection(ProjectConfigurationPlatforms) = postSolution
		{E9FBEA43-290B-4911-AABC-92D9A98B7760}.Debug|Any CPU.ActiveCfg = Debug|Any CPU
		{E9FBEA43-290B-4911-AABC-92D9A98B7760}.Debug|Any CPU.Build.0 = Debug|Any CPU
		{E9FBEA43-290B-4911-AABC-92D9A98B7760}.Release|Any CPU.ActiveCfg = Release|Any CPU
		{E9FBEA43-290B-4911-AABC-92D9A98B7760}.Release|Any CPU.Build.0 = Release|Any CPU
		{DA975C7C-23B1-4677-B0DE-930CDD206785}.Debug|Any CPU.ActiveCfg = Debug|Any CPU
		{DA975C7C-23B1-4677-B0DE-930CDD206785}.Debug|Any CPU.Build.0 = Debug|Any CPU
		{DA975C7C-23B1-4677-B0DE-930CDD206785}.Release|Any CPU.ActiveCfg = Release|Any CPU
		{DA975C7C-23B1-4677-B0DE-930CDD206785}.Release|Any CPU.Build.0 = Release|Any CPU
		{76B14977-0097-4542-8B35-18BC66FA356A}.Debug|Any CPU.ActiveCfg = Debug|Any CPU
		{76B14977-0097-4542-8B35-18BC66FA356A}.Debug|Any CPU.Build.0 = Debug|Any CPU
		{76B14977-0097-4542-8B35-18BC66FA356A}.Release|Any CPU.ActiveCfg = Release|Any CPU
		{76B14977-0097-4542-8B35-18BC66FA356A}.Release|Any CPU.Build.0 = Release|Any CPU
	EndGlobalSection
	GlobalSection(SolutionProperties) = preSolution
		HideSolutionNode = FALSE
	EndGlobalSection
	GlobalSection(ExtensibilityGlobals) = postSolution
		SolutionGuid = {BF34A443-7823-42E2-B233-BA073A0583D7}
	EndGlobalSection
EndGlobal
